
Microsoft Visual Studio Solution File, Format Version 12.00
# Visual Studio Version 17
VisualStudioVersion = 17.12.35527.113
MinimumVisualStudioVersion = 10.0.40219.1
Project("{9A19103F-16F7-4668-BE54-9A1E7A4F7556}") = "HealthPro.Api", "HealthPro.Api.csproj", "{98FA6102-56B0-442F-B323-14DA1DADC622}"
EndProject
Project("{2150E333-8FDC-42A3-9474-1A3956D46DE8}") = "1 - API", "1 - API", "{BFF31E46-1A8E-4747-9CBB-A420C7E99E6D}"
EndProject
Project("{2150E333-8FDC-42A3-9474-1A3956D46DE8}") = "2 - Domain", "2 - Domain", "{2F378B0B-0983-4F78-90D8-AC2D92BA2A3A}"
EndProject
Project("{9A19103F-16F7-4668-BE54-9A1E7A4F7556}") = "HealthPro.Domain", "..\HealthPro.Domain\HealthPro.Domain.csproj", "{D85DE053-6F2A-4B17-B3EB-1ED380C34A32}"
EndProject
Project("{2150E333-8FDC-42A3-9474-1A3956D46DE8}") = "4 - Infraestructure", "4 - Infraestructure", "{BBFE85A7-C2D5-40AF-BCD4-F7CA7FFAF7DB}"
EndProject
Project("{9A19103F-16F7-4668-BE54-9A1E7A4F7556}") = "HealthPro.Infraestructure", "..\HealthPro.Infraestructure\HealthPro.Infraestructure.csproj", "{37D087D7-EBE1-4273-9EC0-9636FD5E31C4}"
EndProject
Project("{2150E333-8FDC-42A3-9474-1A3956D46DE8}") = "3 - Application", "3 - Application", "{E99517A0-C62C-40BD-A578-837BC01167F0}"
EndProject
Project("{9A19103F-16F7-4668-BE54-9A1E7A4F7556}") = "HealthPro.Application", "..\HealthPro.Application\HealthPro.Application.csproj", "{2781A608-AD62-41E2-811D-7EEFBD08FA89}"
EndProject
Project("{FAE04EC0-301F-11D3-BF4B-00C04F79EFBC}") = "HealthPro.IoC", "..\HealthPro.IoC\HealthPro.IoC.csproj", "{7910D094-D2BB-4E56-B26F-1C8EC09BBCCB}"
EndProject
Project("{2150E333-8FDC-42A3-9474-1A3956D46DE8}") = "5 - Tests", "5 - Tests", "{D0361764-DCA6-4D71-AC9D-E8C1DA889E85}"
EndProject
Project("{FAE04EC0-301F-11D3-BF4B-00C04F79EFBC}") = "HealthPro.Tests", "..\HealthPro.Tests\HealthPro.Tests.csproj", "{029BBCEE-5CDA-47DB-A218-5B45A325D6EF}"
EndProject
Global
	GlobalSection(SolutionConfigurationPlatforms) = preSolution
		Debug|Any CPU = Debug|Any CPU
		Release|Any CPU = Release|Any CPU
	EndGlobalSection
	GlobalSection(ProjectConfigurationPlatforms) = postSolution
		{98FA6102-56B0-442F-B323-14DA1DADC622}.Debug|Any CPU.ActiveCfg = Debug|Any CPU
		{98FA6102-56B0-442F-B323-14DA1DADC622}.Debug|Any CPU.Build.0 = Debug|Any CPU
		{98FA6102-56B0-442F-B323-14DA1DADC622}.Release|Any CPU.ActiveCfg = Release|Any CPU
		{98FA6102-56B0-442F-B323-14DA1DADC622}.Release|Any CPU.Build.0 = Release|Any CPU
		{D85DE053-6F2A-4B17-B3EB-1ED380C34A32}.Debug|Any CPU.ActiveCfg = Debug|Any CPU
		{D85DE053-6F2A-4B17-B3EB-1ED380C34A32}.Debug|Any CPU.Build.0 = Debug|Any CPU
		{D85DE053-6F2A-4B17-B3EB-1ED380C34A32}.Release|Any CPU.ActiveCfg = Release|Any CPU
		{D85DE053-6F2A-4B17-B3EB-1ED380C34A32}.Release|Any CPU.Build.0 = Release|Any CPU
		{37D087D7-EBE1-4273-9EC0-9636FD5E31C4}.Debug|Any CPU.ActiveCfg = Debug|Any CPU
		{37D087D7-EBE1-4273-9EC0-9636FD5E31C4}.Debug|Any CPU.Build.0 = Debug|Any CPU
		{37D087D7-EBE1-4273-9EC0-9636FD5E31C4}.Release|Any CPU.ActiveCfg = Release|Any CPU
		{37D087D7-EBE1-4273-9EC0-9636FD5E31C4}.Release|Any CPU.Build.0 = Release|Any CPU
		{2781A608-AD62-41E2-811D-7EEFBD08FA89}.Debug|Any CPU.ActiveCfg = Debug|Any CPU
		{2781A608-AD62-41E2-811D-7EEFBD08FA89}.Debug|Any CPU.Build.0 = Debug|Any CPU
		{2781A608-AD62-41E2-811D-7EEFBD08FA89}.Release|Any CPU.ActiveCfg = Release|Any CPU
		{2781A608-AD62-41E2-811D-7EEFBD08FA89}.Release|Any CPU.Build.0 = Release|Any CPU
		{7910D094-D2BB-4E56-B26F-1C8EC09BBCCB}.Debug|Any CPU.ActiveCfg = Debug|Any CPU
		{7910D094-D2BB-4E56-B26F-1C8EC09BBCCB}.Debug|Any CPU.Build.0 = Debug|Any CPU
		{7910D094-D2BB-4E56-B26F-1C8EC09BBCCB}.Release|Any CPU.ActiveCfg = Release|Any CPU
		{7910D094-D2BB-4E56-B26F-1C8EC09BBCCB}.Release|Any CPU.Build.0 = Release|Any CPU
		{029BBCEE-5CDA-47DB-A218-5B45A325D6EF}.Debug|Any CPU.ActiveCfg = Debug|Any CPU
		{029BBCEE-5CDA-47DB-A218-5B45A325D6EF}.Debug|Any CPU.Build.0 = Debug|Any CPU
		{029BBCEE-5CDA-47DB-A218-5B45A325D6EF}.Release|Any CPU.ActiveCfg = Release|Any CPU
		{029BBCEE-5CDA-47DB-A218-5B45A325D6EF}.Release|Any CPU.Build.0 = Release|Any CPU
	EndGlobalSection
	GlobalSection(SolutionProperties) = preSolution
		HideSolutionNode = FALSE
	EndGlobalSection
	GlobalSection(NestedProjects) = preSolution
		{98FA6102-56B0-442F-B323-14DA1DADC622} = {BFF31E46-1A8E-4747-9CBB-A420C7E99E6D}
		{D85DE053-6F2A-4B17-B3EB-1ED380C34A32} = {2F378B0B-0983-4F78-90D8-AC2D92BA2A3A}
		{37D087D7-EBE1-4273-9EC0-9636FD5E31C4} = {BBFE85A7-C2D5-40AF-BCD4-F7CA7FFAF7DB}
		{2781A608-AD62-41E2-811D-7EEFBD08FA89} = {E99517A0-C62C-40BD-A578-837BC01167F0}
		{7910D094-D2BB-4E56-B26F-1C8EC09BBCCB} = {BBFE85A7-C2D5-40AF-BCD4-F7CA7FFAF7DB}
		{029BBCEE-5CDA-47DB-A218-5B45A325D6EF} = {D0361764-DCA6-4D71-AC9D-E8C1DA889E85}
	EndGlobalSection
	GlobalSection(ExtensibilityGlobals) = postSolution
		SolutionGuid = {07E1EF78-EA97-4C26-810F-73C4172AB2D4}
	EndGlobalSection
EndGlobal
